
Microsoft Visual Studio Solution File, Format Version 12.00
# Visual Studio Version 16
VisualStudioVersion = 16.0.29009.5
MinimumVisualStudioVersion = 10.0.40219.1
Project("{FAE04EC0-301F-11D3-BF4B-00C04F79EFBC}") = "AuthorizationServer", "AuthorizationServer\AuthorizationServer.csproj", "{0956093D-7DE6-4DA5-B768-7DD3F23590C3}"
EndProject
Project("{FAE04EC0-301F-11D3-BF4B-00C04F79EFBC}") = "ResourceServer", "ResourceServer\ResourceServer.csproj", "{04B2EA37-D576-48B9-86E8-1D398FE93FF5}"
EndProject
Global
	GlobalSection(SolutionConfigurationPlatforms) = preSolution
		Debug|Any CPU = Debug|Any CPU
		Release|Any CPU = Release|Any CPU
	EndGlobalSection
	GlobalSection(ProjectConfigurationPlatforms) = postSolution
		{0956093D-7DE6-4DA5-B768-7DD3F23590C3}.Debug|Any CPU.ActiveCfg = Debug|Any CPU
		{0956093D-7DE6-4DA5-B768-7DD3F23590C3}.Debug|Any CPU.Build.0 = Debug|Any CPU
		{0956093D-7DE6-4DA5-B768-7DD3F23590C3}.Release|Any CPU.ActiveCfg = Release|Any CPU
		{0956093D-7DE6-4DA5-B768-7DD3F23590C3}.Release|Any CPU.Build.0 = Release|Any CPU
		{04B2EA37-D576-48B9-86E8-1D398FE93FF5}.Debug|Any CPU.ActiveCfg = Debug|Any CPU
		{04B2EA37-D576-48B9-86E8-1D398FE93FF5}.Debug|Any CPU.Build.0 = Debug|Any CPU
		{04B2EA37-D576-48B9-86E8-1D398FE93FF5}.Release|Any CPU.ActiveCfg = Release|Any CPU
		{04B2EA37-D576-48B9-86E8-1D398FE93FF5}.Release|Any CPU.Build.0 = Release|Any CPU
	EndGlobalSection
	GlobalSection(SolutionProperties) = preSolution
		HideSolutionNode = FALSE
	EndGlobalSection
	GlobalSection(ExtensibilityGlobals) = postSolution
		SolutionGuid = {A995512B-859F-482F-82C2-9C281E9D04F4}
	EndGlobalSection
EndGlobal
