
Microsoft Visual Studio Solution File, Format Version 12.00
# Visual Studio Version 16
VisualStudioVersion = 16.0.29020.237
MinimumVisualStudioVersion = 10.0.40219.1
Project("{FAE04EC0-301F-11D3-BF4B-00C04F79EFBC}") = "AuthorizationServer", "AuthorizationServer\AuthorizationServer.csproj", "{190902E2-8633-4CED-A771-D63C19555088}"
EndProject
Project("{FAE04EC0-301F-11D3-BF4B-00C04F79EFBC}") = "ResourceServer", "ResourceServer\ResourceServer.csproj", "{A526C7AE-980A-4FEA-9F49-FC4017C117AA}"
EndProject
Global
	GlobalSection(SolutionConfigurationPlatforms) = preSolution
		Debug|Any CPU = Debug|Any CPU
		Release|Any CPU = Release|Any CPU
	EndGlobalSection
	GlobalSection(ProjectConfigurationPlatforms) = postSolution
		{190902E2-8633-4CED-A771-D63C19555088}.Debug|Any CPU.ActiveCfg = Debug|Any CPU
		{190902E2-8633-4CED-A771-D63C19555088}.Debug|Any CPU.Build.0 = Debug|Any CPU
		{190902E2-8633-4CED-A771-D63C19555088}.Release|Any CPU.ActiveCfg = Release|Any CPU
		{190902E2-8633-4CED-A771-D63C19555088}.Release|Any CPU.Build.0 = Release|Any CPU
		{A526C7AE-980A-4FEA-9F49-FC4017C117AA}.Debug|Any CPU.ActiveCfg = Debug|Any CPU
		{A526C7AE-980A-4FEA-9F49-FC4017C117AA}.Debug|Any CPU.Build.0 = Debug|Any CPU
		{A526C7AE-980A-4FEA-9F49-FC4017C117AA}.Release|Any CPU.ActiveCfg = Release|Any CPU
		{A526C7AE-980A-4FEA-9F49-FC4017C117AA}.Release|Any CPU.Build.0 = Release|Any CPU
	EndGlobalSection
	GlobalSection(SolutionProperties) = preSolution
		HideSolutionNode = FALSE
	EndGlobalSection
	GlobalSection(ExtensibilityGlobals) = postSolution
		SolutionGuid = {582B70F1-50F8-485D-89A5-203946454CAB}
	EndGlobalSection
EndGlobal
